{
  "object": {
    "pins": [
      {
        "package": "AOLogger",
        "repositoryURL": "https://github.com/Anonym0uz/AOLogger.git",
        "state": {
          "branch": null,
          "revision": "58d9ef27918179f72caa806bcdaa2a7f0bb73fc0",
          "version": "0.0.3"
        }
      },
      {
        "package": "RxSwift",
        "repositoryURL": "https://github.com/ReactiveX/RxSwift.git",
        "state": {
          "branch": null,
          "revision": "7e01c05f25c025143073eaa3be3532f9375c614b",
          "version": "6.1.0"
        }
      }
    ]
  },
  "version": 1
}
